
Microsoft Visual Studio Solution File, Format Version 12.00
# Visual Studio Version 17
VisualStudioVersion = 17.10.34916.146
MinimumVisualStudioVersion = 10.0.40219.1
Project("{9A19103F-16F7-4668-BE54-9A1E7A4F7556}") = "SimpleFactory.Core", "SimpleFactory.Core\SimpleFactory.Core.csproj", "{F2C5A4C1-D7EF-42A4-AEE0-F7EC01B06453}"
EndProject
Project("{9A19103F-16F7-4668-BE54-9A1E7A4F7556}") = "SimpleFactory.Core.Tests", "SimpleFactory.Core.Tests\SimpleFactory.Core.Tests.csproj", "{1C5A65C3-E4BE-4D7E-A8A1-70DA895B308B}"
EndProject
Project("{9A19103F-16F7-4668-BE54-9A1E7A4F7556}") = "SimpleFactory.App", "SimpleFactory.App\SimpleFactory.App.csproj", "{F52C18F2-5208-4639-9CE2-E92B8F66F862}"
EndProject
Global
	GlobalSection(SolutionConfigurationPlatforms) = preSolution
		Debug|Any CPU = Debug|Any CPU
		Release|Any CPU = Release|Any CPU
	EndGlobalSection
	GlobalSection(ProjectConfigurationPlatforms) = postSolution
		{F2C5A4C1-D7EF-42A4-AEE0-F7EC01B06453}.Debug|Any CPU.ActiveCfg = Debug|Any CPU
		{F2C5A4C1-D7EF-42A4-AEE0-F7EC01B06453}.Debug|Any CPU.Build.0 = Debug|Any CPU
		{F2C5A4C1-D7EF-42A4-AEE0-F7EC01B06453}.Release|Any CPU.ActiveCfg = Release|Any CPU
		{F2C5A4C1-D7EF-42A4-AEE0-F7EC01B06453}.Release|Any CPU.Build.0 = Release|Any CPU
		{1C5A65C3-E4BE-4D7E-A8A1-70DA895B308B}.Debug|Any CPU.ActiveCfg = Debug|Any CPU
		{1C5A65C3-E4BE-4D7E-A8A1-70DA895B308B}.Debug|Any CPU.Build.0 = Debug|Any CPU
		{1C5A65C3-E4BE-4D7E-A8A1-70DA895B308B}.Release|Any CPU.ActiveCfg = Release|Any CPU
		{1C5A65C3-E4BE-4D7E-A8A1-70DA895B308B}.Release|Any CPU.Build.0 = Release|Any CPU
		{F52C18F2-5208-4639-9CE2-E92B8F66F862}.Debug|Any CPU.ActiveCfg = Debug|Any CPU
		{F52C18F2-5208-4639-9CE2-E92B8F66F862}.Debug|Any CPU.Build.0 = Debug|Any CPU
		{F52C18F2-5208-4639-9CE2-E92B8F66F862}.Release|Any CPU.ActiveCfg = Release|Any CPU
		{F52C18F2-5208-4639-9CE2-E92B8F66F862}.Release|Any CPU.Build.0 = Release|Any CPU
	EndGlobalSection
	GlobalSection(SolutionProperties) = preSolution
		HideSolutionNode = FALSE
	EndGlobalSection
	GlobalSection(ExtensibilityGlobals) = postSolution
		SolutionGuid = {772051B0-F03F-43B0-9016-E5A992BCAAC0}
	EndGlobalSection
EndGlobal
